// !$*UTF8*$!
{
	archiveVersion = 1;
	classes = {
	};
	objectVersion = 52;
	objects = {

/* Begin PBXBuildFile section */
		281F8B792614B9BA005A3408 /* AppDelegate.swift in Sources */ = {isa = PBXBuildFile; fileRef = 281F8B782614B9BA005A3408 /* AppDelegate.swift */; };
		281F8B7B2614B9BA005A3408 /* SceneDelegate.swift in Sources */ = {isa = PBXBuildFile; fileRef = 281F8B7A2614B9BA005A3408 /* SceneDelegate.swift */; };
		281F8B7D2614B9BA005A3408 /* ContentView.swift in Sources */ = {isa = PBXBuildFile; fileRef = 281F8B7C2614B9BA005A3408 /* ContentView.swift */; };
		281F8B7F2614B9BB005A3408 /* Assets.xcassets in Resources */ = {isa = PBXBuildFile; fileRef = 281F8B7E2614B9BB005A3408 /* Assets.xcassets */; };
		281F8B822614B9BC005A3408 /* Preview Assets.xcassets in Resources */ = {isa = PBXBuildFile; fileRef = 281F8B812614B9BC005A3408 /* Preview Assets.xcassets */; };
		281F8B852614B9BC005A3408 /* LaunchScreen.storyboard in Resources */ = {isa = PBXBuildFile; fileRef = 281F8B832614B9BC005A3408 /* LaunchScreen.storyboard */; };
		28749956261CD26B00E02565 /* WeatherClient in Frameworks */ = {isa = PBXBuildFile; productRef = 28749955261CD26B00E02565 /* WeatherClient */; };
		28749959261CDA0700E02565 /* WeatherClientLive in Frameworks */ = {isa = PBXBuildFile; productRef = 28749958261CDA0700E02565 /* WeatherClientLive */; };
/* End PBXBuildFile section */

/* Begin PBXFileReference section */
		281F8B752614B9BA005A3408 /* Designing Dependencies.app */ = {isa = PBXFileReference; explicitFileType = wrapper.application; includeInIndex = 0; path = "Designing Dependencies.app"; sourceTree = BUILT_PRODUCTS_DIR; };
		281F8B782614B9BA005A3408 /* AppDelegate.swift */ = {isa = PBXFileReference; lastKnownFileType = sourcecode.swift; path = AppDelegate.swift; sourceTree = "<group>"; };
		281F8B7A2614B9BA005A3408 /* SceneDelegate.swift */ = {isa = PBXFileReference; lastKnownFileType = sourcecode.swift; path = SceneDelegate.swift; sourceTree = "<group>"; };
		281F8B7C2614B9BA005A3408 /* ContentView.swift */ = {isa = PBXFileReference; lastKnownFileType = sourcecode.swift; path = ContentView.swift; sourceTree = "<group>"; };
		281F8B7E2614B9BB005A3408 /* Assets.xcassets */ = {isa = PBXFileReference; lastKnownFileType = folder.assetcatalog; path = Assets.xcassets; sourceTree = "<group>"; };
		281F8B812614B9BC005A3408 /* Preview Assets.xcassets */ = {isa = PBXFileReference; lastKnownFileType = folder.assetcatalog; path = "Preview Assets.xcassets"; sourceTree = "<group>"; };
		281F8B842614B9BC005A3408 /* Base */ = {isa = PBXFileReference; lastKnownFileType = file.storyboard; name = Base; path = Base.lproj/LaunchScreen.storyboard; sourceTree = "<group>"; };
		281F8B862614B9BC005A3408 /* Info.plist */ = {isa = PBXFileReference; lastKnownFileType = text.plist.xml; path = Info.plist; sourceTree = "<group>"; };
		281F8B96261CB2AE005A3408 /* WeatherClient */ = {isa = PBXFileReference; lastKnownFileType = folder; name = WeatherClient; path = ../../WeatherClient; sourceTree = "<group>"; };
/* End PBXFileReference section */

/* Begin PBXFrameworksBuildPhase section */
		281F8B722614B9BA005A3408 /* Frameworks */ = {
			isa = PBXFrameworksBuildPhase;
			buildActionMask = 2147483647;
			files = (
				28749959261CDA0700E02565 /* WeatherClientLive in Frameworks */,
				28749956261CD26B00E02565 /* WeatherClient in Frameworks */,
			);
			runOnlyForDeploymentPostprocessing = 0;
		};
/* End PBXFrameworksBuildPhase section */

/* Begin PBXGroup section */
		281F8B6C2614B9BA005A3408 = {
			isa = PBXGroup;
			children = (
				281F8B772614B9BA005A3408 /* Designing Dependencies */,
				281F8B762614B9BA005A3408 /* Products */,
				28749954261CD26B00E02565 /* Frameworks */,
			);
			sourceTree = "<group>";
		};
		281F8B762614B9BA005A3408 /* Products */ = {
			isa = PBXGroup;
			children = (
				281F8B752614B9BA005A3408 /* Designing Dependencies.app */,
			);
			name = Products;
			sourceTree = "<group>";
		};
		281F8B772614B9BA005A3408 /* Designing Dependencies */ = {
			isa = PBXGroup;
			children = (
				281F8B96261CB2AE005A3408 /* WeatherClient */,
				281F8B782614B9BA005A3408 /* AppDelegate.swift */,
				281F8B7A2614B9BA005A3408 /* SceneDelegate.swift */,
				281F8B7C2614B9BA005A3408 /* ContentView.swift */,
				281F8B7E2614B9BB005A3408 /* Assets.xcassets */,
				281F8B832614B9BC005A3408 /* LaunchScreen.storyboard */,
				281F8B862614B9BC005A3408 /* Info.plist */,
				281F8B802614B9BC005A3408 /* Preview Content */,
			);
			path = "Designing Dependencies";
			sourceTree = "<group>";
		};
		281F8B802614B9BC005A3408 /* Preview Content */ = {
			isa = PBXGroup;
			children = (
				281F8B812614B9BC005A3408 /* Preview Assets.xcassets */,
			);
			path = "Preview Content";
			sourceTree = "<group>";
		};
		28749954261CD26B00E02565 /* Frameworks */ = {
			isa = PBXGroup;
			children = (
			);
			name = Frameworks;
			sourceTree = "<group>";
		};
/* End PBXGroup section */

/* Begin PBXNativeTarget section */
		281F8B742614B9BA005A3408 /* Designing Dependencies */ = {
			isa = PBXNativeTarget;
			buildConfigurationList = 281F8B892614B9BC005A3408 /* Build configuration list for PBXNativeTarget "Designing Dependencies" */;
			buildPhases = (
				281F8B712614B9BA005A3408 /* Sources */,
				281F8B722614B9BA005A3408 /* Frameworks */,
				281F8B732614B9BA005A3408 /* Resources */,
			);
			buildRules = (
			);
			dependencies = (
			);
			name = "Designing Dependencies";
			packageProductDependencies = (
				28749955261CD26B00E02565 /* WeatherClient */,
				28749958261CDA0700E02565 /* WeatherClientLive */,
			);
			productName = "Designing Dependencies";
			productReference = 281F8B752614B9BA005A3408 /* Designing Dependencies.app */;
			productType = "com.apple.product-type.application";
		};
/* End PBXNativeTarget section */

/* Begin PBXProject section */
		281F8B6D2614B9BA005A3408 /* Project object */ = {
			isa = PBXProject;
			attributes = {
				LastSwiftUpdateCheck = 1230;
				LastUpgradeCheck = 1230;
				TargetAttributes = {
					281F8B742614B9BA005A3408 = {
						CreatedOnToolsVersion = 12.3;
					};
				};
			};
			buildConfigurationList = 281F8B702614B9BA005A3408 /* Build configuration list for PBXProject "Designing Dependencies" */;
			compatibilityVersion = "Xcode 9.3";
			developmentRegion = en;
			hasScannedForEncodings = 0;
			knownRegions = (
				en,
				Base,
			);
			mainGroup = 281F8B6C2614B9BA005A3408;
			productRefGroup = 281F8B762614B9BA005A3408 /* Products */;
			projectDirPath = "";
			projectRoot = "";
			targets = (
				281F8B742614B9BA005A3408 /* Designing Dependencies */,
			);
		};
/* End PBXProject section */

/* Begin PBXResourcesBuildPhase section */
		281F8B732614B9BA005A3408 /* Resources */ = {
			isa = PBXResourcesBuildPhase;
			buildActionMask = 2147483647;
			files = (
				281F8B852614B9BC005A3408 /* LaunchScreen.storyboard in Resources */,
				281F8B822614B9BC005A3408 /* Preview Assets.xcassets in Resources */,
				281F8B7F2614B9BB005A3408 /* Assets.xcassets in Resources */,
			);
			runOnlyForDeploymentPostprocessing = 0;
		};
/* End PBXResourcesBuildPhase section */

/* Begin PBXSourcesBuildPhase section */
		281F8B712614B9BA005A3408 /* Sources */ = {
			isa = PBXSourcesBuildPhase;
			buildActionMask = 2147483647;
			files = (
				281F8B792614B9BA005A3408 /* AppDelegate.swift in Sources */,
				281F8B7B2614B9BA005A3408 /* SceneDelegate.swift in Sources */,
				281F8B7D2614B9BA005A3408 /* ContentView.swift in Sources */,
			);
			runOnlyForDeploymentPostprocessing = 0;
		};
/* End PBXSourcesBuildPhase section */

/* Begin PBXVariantGroup section */
		281F8B832614B9BC005A3408 /* LaunchScreen.storyboard */ = {
			isa = PBXVariantGroup;
			children = (
				281F8B842614B9BC005A3408 /* Base */,
			);
			name = LaunchScreen.storyboard;
			sourceTree = "<group>";
		};
/* End PBXVariantGroup section */

/* Begin XCBuildConfiguration section */
		281F8B872614B9BC005A3408 /* Debug */ = {
			isa = XCBuildConfiguration;
			buildSettings = {
				ALWAYS_SEARCH_USER_PATHS = NO;
				CLANG_ANALYZER_NONNULL = YES;
				CLANG_ANALYZER_NUMBER_OBJECT_CONVERSION = YES_AGGRESSIVE;
				CLANG_CXX_LANGUAGE_STANDARD = "gnu++14";
				CLANG_CXX_LIBRARY = "libc++";
				CLANG_ENABLE_MODULES = YES;
				CLANG_ENABLE_OBJC_ARC = YES;
				CLANG_ENABLE_OBJC_WEAK = YES;
				CLANG_WARN_BLOCK_CAPTURE_AUTORELEASING = YES;
				CLANG_WARN_BOOL_CONVERSION = YES;
				CLANG_WARN_COMMA = YES;
				CLANG_WARN_CONSTANT_CONVERSION = YES;
				CLANG_WARN_DEPRECATED_OBJC_IMPLEMENTATIONS = YES;
				CLANG_WARN_DIRECT_OBJC_ISA_USAGE = YES_ERROR;
				CLANG_WARN_DOCUMENTATION_COMMENTS = YES;
				CLANG_WARN_EMPTY_BODY = YES;
				CLANG_WARN_ENUM_CONVERSION = YES;
				CLANG_WARN_INFINITE_RECURSION = YES;
				CLANG_WARN_INT_CONVERSION = YES;
				CLANG_WARN_NON_LITERAL_NULL_CONVERSION = YES;
				CLANG_WARN_OBJC_IMPLICIT_RETAIN_SELF = YES;
				CLANG_WARN_OBJC_LITERAL_CONVERSION = YES;
				CLANG_WARN_OBJC_ROOT_CLASS = YES_ERROR;
				CLANG_WARN_QUOTED_INCLUDE_IN_FRAMEWORK_HEADER = YES;
				CLANG_WARN_RANGE_LOOP_ANALYSIS = YES;
				CLANG_WARN_STRICT_PROTOTYPES = YES;
				CLANG_WARN_SUSPICIOUS_MOVE = YES;
				CLANG_WARN_UNGUARDED_AVAILABILITY = YES_AGGRESSIVE;
				CLANG_WARN_UNREACHABLE_CODE = YES;
				CLANG_WARN__DUPLICATE_METHOD_MATCH = YES;
				COPY_PHASE_STRIP = NO;
				DEBUG_INFORMATION_FORMAT = dwarf;
				ENABLE_STRICT_OBJC_MSGSEND = YES;
				ENABLE_TESTABILITY = YES;
				GCC_C_LANGUAGE_STANDARD = gnu11;
				GCC_DYNAMIC_NO_PIC = NO;
				GCC_NO_COMMON_BLOCKS = YES;
				GCC_OPTIMIZATION_LEVEL = 0;
				GCC_PREPROCESSOR_DEFINITIONS = (
					"DEBUG=1",
					"$(inherited)",
				);
				GCC_WARN_64_TO_32_BIT_CONVERSION = YES;
				GCC_WARN_ABOUT_RETURN_TYPE = YES_ERROR;
				GCC_WARN_UNDECLARED_SELECTOR = YES;
				GCC_WARN_UNINITIALIZED_AUTOS = YES_AGGRESSIVE;
				GCC_WARN_UNUSED_FUNCTION = YES;
				GCC_WARN_UNUSED_VARIABLE = YES;
				IPHONEOS_DEPLOYMENT_TARGET = 14.3;
				MTL_ENABLE_DEBUG_INFO = INCLUDE_SOURCE;
				MTL_FAST_MATH = YES;
				ONLY_ACTIVE_ARCH = YES;
				SDKROOT = iphoneos;
				SWIFT_ACTIVE_COMPILATION_CONDITIONS = DEBUG;
				SWIFT_OPTIMIZATION_LEVEL = "-Onone";
			};
			name = Debug;
		};
		281F8B882614B9BC005A3408 /* Release */ = {
			isa = XCBuildConfiguration;
			buildSettings = {
				ALWAYS_SEARCH_USER_PATHS = NO;
				CLANG_ANALYZER_NONNULL = YES;
				CLANG_ANALYZER_NUMBER_OBJECT_CONVERSION = YES_AGGRESSIVE;
				CLANG_CXX_LANGUAGE_STANDARD = "gnu++14";
				CLANG_CXX_LIBRARY = "libc++";
				CLANG_ENABLE_MODULES = YES;
				CLANG_ENABLE_OBJC_ARC = YES;
				CLANG_ENABLE_OBJC_WEAK = YES;
				CLANG_WARN_BLOCK_CAPTURE_AUTORELEASING = YES;
				CLANG_WARN_BOOL_CONVERSION = YES;
				CLANG_WARN_COMMA = YES;
				CLANG_WARN_CONSTANT_CONVERSION = YES;
				CLANG_WARN_DEPRECATED_OBJC_IMPLEMENTATIONS = YES;
				CLANG_WARN_DIRECT_OBJC_ISA_USAGE = YES_ERROR;
				CLANG_WARN_DOCUMENTATION_COMMENTS = YES;
				CLANG_WARN_EMPTY_BODY = YES;
				CLANG_WARN_ENUM_CONVERSION = YES;
				CLANG_WARN_INFINITE_RECURSION = YES;
				CLANG_WARN_INT_CONVERSION = YES;
				CLANG_WARN_NON_LITERAL_NULL_CONVERSION = YES;
				CLANG_WARN_OBJC_IMPLICIT_RETAIN_SELF = YES;
				CLANG_WARN_OBJC_LITERAL_CONVERSION = YES;
				CLANG_WARN_OBJC_ROOT_CLASS = YES_ERROR;
				CLANG_WARN_QUOTED_INCLUDE_IN_FRAMEWORK_HEADER = YES;
				CLANG_WARN_RANGE_LOOP_ANALYSIS = YES;
				CLANG_WARN_STRICT_PROTOTYPES = YES;
				CLANG_WARN_SUSPICIOUS_MOVE = YES;
				CLANG_WARN_UNGUARDED_AVAILABILITY = YES_AGGRESSIVE;
				CLANG_WARN_UNREACHABLE_CODE = YES;
				CLANG_WARN__DUPLICATE_METHOD_MATCH = YES;
				COPY_PHASE_STRIP = NO;
				DEBUG_INFORMATION_FORMAT = "dwarf-with-dsym";
				ENABLE_NS_ASSERTIONS = NO;
				ENABLE_STRICT_OBJC_MSGSEND = YES;
				GCC_C_LANGUAGE_STANDARD = gnu11;
				GCC_NO_COMMON_BLOCKS = YES;
				GCC_WARN_64_TO_32_BIT_CONVERSION = YES;
				GCC_WARN_ABOUT_RETURN_TYPE = YES_ERROR;
				GCC_WARN_UNDECLARED_SELECTOR = YES;
				GCC_WARN_UNINITIALIZED_AUTOS = YES_AGGRESSIVE;
				GCC_WARN_UNUSED_FUNCTION = YES;
				GCC_WARN_UNUSED_VARIABLE = YES;
				IPHONEOS_DEPLOYMENT_TARGET = 14.3;
				MTL_ENABLE_DEBUG_INFO = NO;
				MTL_FAST_MATH = YES;
				SDKROOT = iphoneos;
				SWIFT_COMPILATION_MODE = wholemodule;
				SWIFT_OPTIMIZATION_LEVEL = "-O";
				VALIDATE_PRODUCT = YES;
			};
			name = Release;
		};
		281F8B8A2614B9BC005A3408 /* Debug */ = {
			isa = XCBuildConfiguration;
			buildSettings = {
				ASSETCATALOG_COMPILER_APPICON_NAME = AppIcon;
				ASSETCATALOG_COMPILER_GLOBAL_ACCENT_COLOR_NAME = AccentColor;
				CODE_SIGN_STYLE = Automatic;
				DEVELOPMENT_ASSET_PATHS = "\"Designing Dependencies/Preview Content\"";
				ENABLE_PREVIEWS = YES;
				INFOPLIST_FILE = "Designing Dependencies/Info.plist";
				LD_RUNPATH_SEARCH_PATHS = (
					"$(inherited)",
					"@executable_path/Frameworks",
				);
				PRODUCT_BUNDLE_IDENTIFIER = "com.localhost.swiftui.Designing-Dependencies";
				PRODUCT_NAME = "$(TARGET_NAME)";
				SWIFT_VERSION = 5.0;
				TARGETED_DEVICE_FAMILY = "1,2";
			};
			name = Debug;
		};
		281F8B8B2614B9BC005A3408 /* Release */ = {
			isa = XCBuildConfiguration;
			buildSettings = {
				ASSETCATALOG_COMPILER_APPICON_NAME = AppIcon;
				ASSETCATALOG_COMPILER_GLOBAL_ACCENT_COLOR_NAME = AccentColor;
				CODE_SIGN_STYLE = Automatic;
				DEVELOPMENT_ASSET_PATHS = "\"Designing Dependencies/Preview Content\"";
				ENABLE_PREVIEWS = YES;
				INFOPLIST_FILE = "Designing Dependencies/Info.plist";
				LD_RUNPATH_SEARCH_PATHS = (
					"$(inherited)",
					"@executable_path/Frameworks",
				);
				PRODUCT_BUNDLE_IDENTIFIER = "com.localhost.swiftui.Designing-Dependencies";
				PRODUCT_NAME = "$(TARGET_NAME)";
				SWIFT_VERSION = 5.0;
				TARGETED_DEVICE_FAMILY = "1,2";
			};
			name = Release;
		};
/* End XCBuildConfiguration section */

/* Begin XCConfigurationList section */
		281F8B702614B9BA005A3408 /* Build configuration list for PBXProject "Designing Dependencies" */ = {
			isa = XCConfigurationList;
			buildConfigurations = (
				281F8B872614B9BC005A3408 /* Debug */,
				281F8B882614B9BC005A3408 /* Release */,
			);
			defaultConfigurationIsVisible = 0;
			defaultConfigurationName = Release;
		};
		281F8B892614B9BC005A3408 /* Build configuration list for PBXNativeTarget "Designing Dependencies" */ = {
			isa = XCConfigurationList;
			buildConfigurations = (
				281F8B8A2614B9BC005A3408 /* Debug */,
				281F8B8B2614B9BC005A3408 /* Release */,
			);
			defaultConfigurationIsVisible = 0;
			defaultConfigurationName = Release;
		};
/* End XCConfigurationList section */

/* Begin XCSwiftPackageProductDependency section */
		28749955261CD26B00E02565 /* WeatherClient */ = {
			isa = XCSwiftPackageProductDependency;
			productName = WeatherClient;
		};
		28749958261CDA0700E02565 /* WeatherClientLive */ = {
			isa = XCSwiftPackageProductDependency;
			productName = WeatherClientLive;
		};
/* End XCSwiftPackageProductDependency section */
	};
	rootObject = 281F8B6D2614B9BA005A3408 /* Project object */;
}
